github.com/mjibson/go-dsp v0.0.0-20180508042940-11479a337f12 h1:dd7vnTDfjtwCETZDrRe+GPYNLA1jBtbZeyfyE8eZCyk=
github.com/mjibson/go-dsp v0.0.0-20180508042940-11479a337f12/go.mod h1:i/KKcxEWEO8Yyl11DYafRPKOPVYTrhxiTRigjtEEXZU=
gonum.org/v1/gonum v0.15.0 h1:2lYxjRbTYyxkJxlhC+LvJIx3SsANPdRybu1tGj9/OrQ=
gonum.org/v1/gonum v0.15.0/go.mod h1:xzZVBJBtS+Mz4q0Yl2LJTk+OxOg4jiXZ7qBoM0uISGo=
